
Microsoft Visual Studio Solution File, Format Version 12.00
# Visual Studio Version 16
VisualStudioVersion = 16.0.30406.217
MinimumVisualStudioVersion = 10.0.40219.1
Project("{FAE04EC0-301F-11D3-BF4B-00C04F79EFBC}") = "PetShopAppUI", "PetShopAppUI\PetShopAppUI.csproj", "{7BA7B00A-A422-40E2-8ABF-C120D5EEB7E9}"
EndProject
Project("{FAE04EC0-301F-11D3-BF4B-00C04F79EFBC}") = "PetShopApp.Core.Entities", "PetShopApp.Core.Entities\PetShopApp.Core.Entities.csproj", "{DE6ED7CB-4A1B-465C-8573-D0DEC225C0BA}"
EndProject
Project("{9A19103F-16F7-4668-BE54-9A1E7A4F7556}") = "PetShopApp.Core", "PetShopApp.Core\PetShopApp.Core.csproj", "{AD2F6DBD-1EB5-42F6-B70E-AED39919EF99}"
EndProject
Project("{FAE04EC0-301F-11D3-BF4B-00C04F79EFBC}") = "PetShopApp.Infrastructure.Data", "PetShopApp.Infrastructure.Data\PetShopApp.Infrastructure.Data.csproj", "{83C48063-862C-4765-981E-7303CEE385CB}"
EndProject
Global
	GlobalSection(SolutionConfigurationPlatforms) = preSolution
		Debug|Any CPU = Debug|Any CPU
		Release|Any CPU = Release|Any CPU
	EndGlobalSection
	GlobalSection(ProjectConfigurationPlatforms) = postSolution
		{7BA7B00A-A422-40E2-8ABF-C120D5EEB7E9}.Debug|Any CPU.ActiveCfg = Debug|Any CPU
		{7BA7B00A-A422-40E2-8ABF-C120D5EEB7E9}.Debug|Any CPU.Build.0 = Debug|Any CPU
		{7BA7B00A-A422-40E2-8ABF-C120D5EEB7E9}.Release|Any CPU.ActiveCfg = Release|Any CPU
		{7BA7B00A-A422-40E2-8ABF-C120D5EEB7E9}.Release|Any CPU.Build.0 = Release|Any CPU
		{DE6ED7CB-4A1B-465C-8573-D0DEC225C0BA}.Debug|Any CPU.ActiveCfg = Debug|Any CPU
		{DE6ED7CB-4A1B-465C-8573-D0DEC225C0BA}.Debug|Any CPU.Build.0 = Debug|Any CPU
		{DE6ED7CB-4A1B-465C-8573-D0DEC225C0BA}.Release|Any CPU.ActiveCfg = Release|Any CPU
		{DE6ED7CB-4A1B-465C-8573-D0DEC225C0BA}.Release|Any CPU.Build.0 = Release|Any CPU
		{AD2F6DBD-1EB5-42F6-B70E-AED39919EF99}.Debug|Any CPU.ActiveCfg = Debug|Any CPU
		{AD2F6DBD-1EB5-42F6-B70E-AED39919EF99}.Debug|Any CPU.Build.0 = Debug|Any CPU
		{AD2F6DBD-1EB5-42F6-B70E-AED39919EF99}.Release|Any CPU.ActiveCfg = Release|Any CPU
		{AD2F6DBD-1EB5-42F6-B70E-AED39919EF99}.Release|Any CPU.Build.0 = Release|Any CPU
		{83C48063-862C-4765-981E-7303CEE385CB}.Debug|Any CPU.ActiveCfg = Debug|Any CPU
		{83C48063-862C-4765-981E-7303CEE385CB}.Debug|Any CPU.Build.0 = Debug|Any CPU
		{83C48063-862C-4765-981E-7303CEE385CB}.Release|Any CPU.ActiveCfg = Release|Any CPU
		{83C48063-862C-4765-981E-7303CEE385CB}.Release|Any CPU.Build.0 = Release|Any CPU
	EndGlobalSection
	GlobalSection(SolutionProperties) = preSolution
		HideSolutionNode = FALSE
	EndGlobalSection
	GlobalSection(ExtensibilityGlobals) = postSolution
		SolutionGuid = {3F1E7623-E180-4A00-8071-61D127A3DDFF}
	EndGlobalSection
EndGlobal
